
Microsoft Visual Studio Solution File, Format Version 12.00
# Visual Studio Version 16
VisualStudioVersion = 16.0.32602.291
MinimumVisualStudioVersion = 10.0.40219.1
Project("{FAE04EC0-301F-11D3-BF4B-00C04F79EFBC}") = "stm32", "stm32\stm32.csproj", "{E489E5DF-4D46-4AFB-9DF3-459125765CCD}"
EndProject
Global
	GlobalSection(SolutionConfigurationPlatforms) = preSolution
		Debug|Any CPU = Debug|Any CPU
		Release|Any CPU = Release|Any CPU
	EndGlobalSection
	GlobalSection(ProjectConfigurationPlatforms) = postSolution
		{E489E5DF-4D46-4AFB-9DF3-459125765CCD}.Debug|Any CPU.ActiveCfg = Debug|Any CPU
		{E489E5DF-4D46-4AFB-9DF3-459125765CCD}.Debug|Any CPU.Build.0 = Debug|Any CPU
		{E489E5DF-4D46-4AFB-9DF3-459125765CCD}.Release|Any CPU.ActiveCfg = Release|Any CPU
		{E489E5DF-4D46-4AFB-9DF3-459125765CCD}.Release|Any CPU.Build.0 = Release|Any CPU
	EndGlobalSection
	GlobalSection(SolutionProperties) = preSolution
		HideSolutionNode = FALSE
	EndGlobalSection
	GlobalSection(ExtensibilityGlobals) = postSolution
		SolutionGuid = {817DED8B-425C-45BD-A8CF-D4F7165248E6}
	EndGlobalSection
EndGlobal
